
Microsoft Visual Studio Solution File, Format Version 12.00
# Visual Studio Version 17
VisualStudioVersion = 17.0.31903.59
MinimumVisualStudioVersion = 10.0.40219.1
Project("{FAE04EC0-301F-11D3-BF4B-00C04F79EFBC}") = "RevitAPI4.1", "RevitAPI4.1.csproj", "{B1446D7F-775F-4395-BFDC-E8CE2E2F9520}"
EndProject
Global
	GlobalSection(SolutionConfigurationPlatforms) = preSolution
		Debug|Any CPU = Debug|Any CPU
		Debug|x64 = Debug|x64
		Release|Any CPU = Release|Any CPU
		Release|x64 = Release|x64
	EndGlobalSection
	GlobalSection(ProjectConfigurationPlatforms) = postSolution
		{B1446D7F-775F-4395-BFDC-E8CE2E2F9520}.Debug|Any CPU.ActiveCfg = Debug|Any CPU
		{B1446D7F-775F-4395-BFDC-E8CE2E2F9520}.Debug|Any CPU.Build.0 = Debug|Any CPU
		{B1446D7F-775F-4395-BFDC-E8CE2E2F9520}.Debug|x64.ActiveCfg = Debug|x64
		{B1446D7F-775F-4395-BFDC-E8CE2E2F9520}.Debug|x64.Build.0 = Debug|x64
		{B1446D7F-775F-4395-BFDC-E8CE2E2F9520}.Release|Any CPU.ActiveCfg = Release|Any CPU
		{B1446D7F-775F-4395-BFDC-E8CE2E2F9520}.Release|Any CPU.Build.0 = Release|Any CPU
		{B1446D7F-775F-4395-BFDC-E8CE2E2F9520}.Release|x64.ActiveCfg = Release|x64
		{B1446D7F-775F-4395-BFDC-E8CE2E2F9520}.Release|x64.Build.0 = Release|x64
	EndGlobalSection
	GlobalSection(SolutionProperties) = preSolution
		HideSolutionNode = FALSE
	EndGlobalSection
	GlobalSection(ExtensibilityGlobals) = postSolution
		SolutionGuid = {2AB89381-B596-4BC3-86B4-E6ECD7D9B407}
	EndGlobalSection
EndGlobal
